
Microsoft Visual Studio Solution File, Format Version 12.00
# Visual Studio Version 17
VisualStudioVersion = 17.13.35825.156 d17.13
MinimumVisualStudioVersion = 10.0.40219.1
Project("{FAE04EC0-301F-11D3-BF4B-00C04F79EFBC}") = "Task2", "Task2\Task2.csproj", "{A6723923-2626-4E69-B405-B53B29221A15}"
EndProject
Global
	GlobalSection(SolutionConfigurationPlatforms) = preSolution
		Debug|Any CPU = Debug|Any CPU
		Release|Any CPU = Release|Any CPU
	EndGlobalSection
	GlobalSection(ProjectConfigurationPlatforms) = postSolution
		{A6723923-2626-4E69-B405-B53B29221A15}.Debug|Any CPU.ActiveCfg = Debug|Any CPU
		{A6723923-2626-4E69-B405-B53B29221A15}.Debug|Any CPU.Build.0 = Debug|Any CPU
		{A6723923-2626-4E69-B405-B53B29221A15}.Release|Any CPU.ActiveCfg = Release|Any CPU
		{A6723923-2626-4E69-B405-B53B29221A15}.Release|Any CPU.Build.0 = Release|Any CPU
	EndGlobalSection
	GlobalSection(SolutionProperties) = preSolution
		HideSolutionNode = FALSE
	EndGlobalSection
	GlobalSection(ExtensibilityGlobals) = postSolution
		SolutionGuid = {035AD2EA-4E73-4F9D-96EF-97953FC76101}
	EndGlobalSection
EndGlobal
